
Microsoft Visual Studio Solution File, Format Version 12.00
# Visual Studio 15
VisualStudioVersion = 15.0.26124.0
MinimumVisualStudioVersion = 15.0.26124.0
Project("{FAE04EC0-301F-11D3-BF4B-00C04F79EFBC}") = "Pleosoft.XdeltaSharp", "Pleosoft.XdeltaSharp\Pleosoft.XdeltaSharp.csproj", "{AEE32555-906A-4A8D-A2B5-E0A0875B16D8}"
EndProject
Project("{FAE04EC0-301F-11D3-BF4B-00C04F79EFBC}") = "Pleosoft.XdeltaSharp.Cli", "Pleosoft.XdeltaSharp.Cli\Pleosoft.XdeltaSharp.Cli.csproj", "{5B5A6DC3-4FE0-43AE-8E9D-368D53164D64}"
EndProject
Project("{FAE04EC0-301F-11D3-BF4B-00C04F79EFBC}") = "Pleosoft.XdeltaSharp.PerformanceTests", "Pleosoft.XdeltaSharp.PerformanceTests\Pleosoft.XdeltaSharp.PerformanceTests.csproj", "{8FC02422-0B28-4F4A-98FD-5092ADA051DE}"
EndProject
Project("{FAE04EC0-301F-11D3-BF4B-00C04F79EFBC}") = "Pleosoft.XdeltaSharp.UnitTests", "Pleosoft.XdeltaSharp.UnitTests\Pleosoft.XdeltaSharp.UnitTests.csproj", "{8235AA1B-F328-44CC-B39E-D56CC40D8DF6}"
EndProject
Global
	GlobalSection(SolutionConfigurationPlatforms) = preSolution
		Debug|Any CPU = Debug|Any CPU
		Debug|x64 = Debug|x64
		Debug|x86 = Debug|x86
		Release|Any CPU = Release|Any CPU
		Release|x64 = Release|x64
		Release|x86 = Release|x86
	EndGlobalSection
	GlobalSection(SolutionProperties) = preSolution
		HideSolutionNode = FALSE
	EndGlobalSection
	GlobalSection(ProjectConfigurationPlatforms) = postSolution
		{AEE32555-906A-4A8D-A2B5-E0A0875B16D8}.Debug|Any CPU.ActiveCfg = Debug|Any CPU
		{AEE32555-906A-4A8D-A2B5-E0A0875B16D8}.Debug|Any CPU.Build.0 = Debug|Any CPU
		{AEE32555-906A-4A8D-A2B5-E0A0875B16D8}.Debug|x64.ActiveCfg = Debug|Any CPU
		{AEE32555-906A-4A8D-A2B5-E0A0875B16D8}.Debug|x64.Build.0 = Debug|Any CPU
		{AEE32555-906A-4A8D-A2B5-E0A0875B16D8}.Debug|x86.ActiveCfg = Debug|Any CPU
		{AEE32555-906A-4A8D-A2B5-E0A0875B16D8}.Debug|x86.Build.0 = Debug|Any CPU
		{AEE32555-906A-4A8D-A2B5-E0A0875B16D8}.Release|Any CPU.ActiveCfg = Release|Any CPU
		{AEE32555-906A-4A8D-A2B5-E0A0875B16D8}.Release|Any CPU.Build.0 = Release|Any CPU
		{AEE32555-906A-4A8D-A2B5-E0A0875B16D8}.Release|x64.ActiveCfg = Release|Any CPU
		{AEE32555-906A-4A8D-A2B5-E0A0875B16D8}.Release|x64.Build.0 = Release|Any CPU
		{AEE32555-906A-4A8D-A2B5-E0A0875B16D8}.Release|x86.ActiveCfg = Release|Any CPU
		{AEE32555-906A-4A8D-A2B5-E0A0875B16D8}.Release|x86.Build.0 = Release|Any CPU
		{5B5A6DC3-4FE0-43AE-8E9D-368D53164D64}.Debug|Any CPU.ActiveCfg = Debug|Any CPU
		{5B5A6DC3-4FE0-43AE-8E9D-368D53164D64}.Debug|Any CPU.Build.0 = Debug|Any CPU
		{5B5A6DC3-4FE0-43AE-8E9D-368D53164D64}.Debug|x64.ActiveCfg = Debug|Any CPU
		{5B5A6DC3-4FE0-43AE-8E9D-368D53164D64}.Debug|x64.Build.0 = Debug|Any CPU
		{5B5A6DC3-4FE0-43AE-8E9D-368D53164D64}.Debug|x86.ActiveCfg = Debug|Any CPU
		{5B5A6DC3-4FE0-43AE-8E9D-368D53164D64}.Debug|x86.Build.0 = Debug|Any CPU
		{5B5A6DC3-4FE0-43AE-8E9D-368D53164D64}.Release|Any CPU.ActiveCfg = Release|Any CPU
		{5B5A6DC3-4FE0-43AE-8E9D-368D53164D64}.Release|Any CPU.Build.0 = Release|Any CPU
		{5B5A6DC3-4FE0-43AE-8E9D-368D53164D64}.Release|x64.ActiveCfg = Release|Any CPU
		{5B5A6DC3-4FE0-43AE-8E9D-368D53164D64}.Release|x64.Build.0 = Release|Any CPU
		{5B5A6DC3-4FE0-43AE-8E9D-368D53164D64}.Release|x86.ActiveCfg = Release|Any CPU
		{5B5A6DC3-4FE0-43AE-8E9D-368D53164D64}.Release|x86.Build.0 = Release|Any CPU
		{8FC02422-0B28-4F4A-98FD-5092ADA051DE}.Debug|Any CPU.ActiveCfg = Debug|Any CPU
		{8FC02422-0B28-4F4A-98FD-5092ADA051DE}.Debug|Any CPU.Build.0 = Debug|Any CPU
		{8FC02422-0B28-4F4A-98FD-5092ADA051DE}.Debug|x64.ActiveCfg = Debug|Any CPU
		{8FC02422-0B28-4F4A-98FD-5092ADA051DE}.Debug|x64.Build.0 = Debug|Any CPU
		{8FC02422-0B28-4F4A-98FD-5092ADA051DE}.Debug|x86.ActiveCfg = Debug|Any CPU
		{8FC02422-0B28-4F4A-98FD-5092ADA051DE}.Debug|x86.Build.0 = Debug|Any CPU
		{8FC02422-0B28-4F4A-98FD-5092ADA051DE}.Release|Any CPU.ActiveCfg = Release|Any CPU
		{8FC02422-0B28-4F4A-98FD-5092ADA051DE}.Release|Any CPU.Build.0 = Release|Any CPU
		{8FC02422-0B28-4F4A-98FD-5092ADA051DE}.Release|x64.ActiveCfg = Release|Any CPU
		{8FC02422-0B28-4F4A-98FD-5092ADA051DE}.Release|x64.Build.0 = Release|Any CPU
		{8FC02422-0B28-4F4A-98FD-5092ADA051DE}.Release|x86.ActiveCfg = Release|Any CPU
		{8FC02422-0B28-4F4A-98FD-5092ADA051DE}.Release|x86.Build.0 = Release|Any CPU
		{8235AA1B-F328-44CC-B39E-D56CC40D8DF6}.Debug|Any CPU.ActiveCfg = Debug|Any CPU
		{8235AA1B-F328-44CC-B39E-D56CC40D8DF6}.Debug|Any CPU.Build.0 = Debug|Any CPU
		{8235AA1B-F328-44CC-B39E-D56CC40D8DF6}.Debug|x64.ActiveCfg = Debug|Any CPU
		{8235AA1B-F328-44CC-B39E-D56CC40D8DF6}.Debug|x64.Build.0 = Debug|Any CPU
		{8235AA1B-F328-44CC-B39E-D56CC40D8DF6}.Debug|x86.ActiveCfg = Debug|Any CPU
		{8235AA1B-F328-44CC-B39E-D56CC40D8DF6}.Debug|x86.Build.0 = Debug|Any CPU
		{8235AA1B-F328-44CC-B39E-D56CC40D8DF6}.Release|Any CPU.ActiveCfg = Release|Any CPU
		{8235AA1B-F328-44CC-B39E-D56CC40D8DF6}.Release|Any CPU.Build.0 = Release|Any CPU
		{8235AA1B-F328-44CC-B39E-D56CC40D8DF6}.Release|x64.ActiveCfg = Release|Any CPU
		{8235AA1B-F328-44CC-B39E-D56CC40D8DF6}.Release|x64.Build.0 = Release|Any CPU
		{8235AA1B-F328-44CC-B39E-D56CC40D8DF6}.Release|x86.ActiveCfg = Release|Any CPU
		{8235AA1B-F328-44CC-B39E-D56CC40D8DF6}.Release|x86.Build.0 = Release|Any CPU
	EndGlobalSection
EndGlobal
